
Microsoft Visual Studio Solution File, Format Version 12.00
# Visual Studio Version 17
VisualStudioVersion = 17.11.35219.272
MinimumVisualStudioVersion = 10.0.40219.1
Project("{FAE04EC0-301F-11D3-BF4B-00C04F79EFBC}") = "hola_todos", "hola_todos.csproj", "{427CCEF4-976D-4697-8754-94A9FBC580BF}"
EndProject
Global
	GlobalSection(SolutionConfigurationPlatforms) = preSolution
		Debug|Any CPU = Debug|Any CPU
		Release|Any CPU = Release|Any CPU
	EndGlobalSection
	GlobalSection(ProjectConfigurationPlatforms) = postSolution
		{427CCEF4-976D-4697-8754-94A9FBC580BF}.Debug|Any CPU.ActiveCfg = Debug|Any CPU
		{427CCEF4-976D-4697-8754-94A9FBC580BF}.Debug|Any CPU.Build.0 = Debug|Any CPU
		{427CCEF4-976D-4697-8754-94A9FBC580BF}.Release|Any CPU.ActiveCfg = Release|Any CPU
		{427CCEF4-976D-4697-8754-94A9FBC580BF}.Release|Any CPU.Build.0 = Release|Any CPU
	EndGlobalSection
	GlobalSection(SolutionProperties) = preSolution
		HideSolutionNode = FALSE
	EndGlobalSection
	GlobalSection(ExtensibilityGlobals) = postSolution
		SolutionGuid = {280F91B1-5897-4611-A247-8AAB79596214}
	EndGlobalSection
EndGlobal
